
Microsoft Visual Studio Solution File, Format Version 12.00
# Visual Studio Version 17
VisualStudioVersion = 17.14.36221.1 d17.14
MinimumVisualStudioVersion = 10.0.40219.1
Project("{FAE04EC0-301F-11D3-BF4B-00C04F79EFBC}") = "AssignmentOOP04", "AssignmentOOP04\AssignmentOOP04.csproj", "{F77D86C8-093B-4845-AA28-395F281148C2}"
EndProject
Global
	GlobalSection(SolutionConfigurationPlatforms) = preSolution
		Debug|Any CPU = Debug|Any CPU
		Release|Any CPU = Release|Any CPU
	EndGlobalSection
	GlobalSection(ProjectConfigurationPlatforms) = postSolution
		{F77D86C8-093B-4845-AA28-395F281148C2}.Debug|Any CPU.ActiveCfg = Debug|Any CPU
		{F77D86C8-093B-4845-AA28-395F281148C2}.Debug|Any CPU.Build.0 = Debug|Any CPU
		{F77D86C8-093B-4845-AA28-395F281148C2}.Release|Any CPU.ActiveCfg = Release|Any CPU
		{F77D86C8-093B-4845-AA28-395F281148C2}.Release|Any CPU.Build.0 = Release|Any CPU
	EndGlobalSection
	GlobalSection(SolutionProperties) = preSolution
		HideSolutionNode = FALSE
	EndGlobalSection
	GlobalSection(ExtensibilityGlobals) = postSolution
		SolutionGuid = {A3159804-3BDC-4149-B735-3346C239EECB}
	EndGlobalSection
EndGlobal
